Microsoft Visual Studio Solution File, Format Version 12.00
# Visual Studio Version 17
VisualStudioVersion = 17.5.2.0
MinimumVisualStudioVersion = 10.0.40219.1
Project("{FAE04EC0-301F-11D3-BF4B-00C04F79EFBC}") = "CosmosDBConsole", "CosmosDBConsole.csproj", "{D738C058-B899-99C0-64F9-94B3DB717459}"
EndProject
Global
	GlobalSection(SolutionConfigurationPlatforms) = preSolution
		Debug|Any CPU = Debug|Any CPU
		Release|Any CPU = Release|Any CPU
	EndGlobalSection
	GlobalSection(ProjectConfigurationPlatforms) = postSolution
		{D738C058-B899-99C0-64F9-94B3DB717459}.Debug|Any CPU.ActiveCfg = Debug|Any CPU
		{D738C058-B899-99C0-64F9-94B3DB717459}.Debug|Any CPU.Build.0 = Debug|Any CPU
		{D738C058-B899-99C0-64F9-94B3DB717459}.Release|Any CPU.ActiveCfg = Release|Any CPU
		{D738C058-B899-99C0-64F9-94B3DB717459}.Release|Any CPU.Build.0 = Release|Any CPU
	EndGlobalSection
	GlobalSection(SolutionProperties) = preSolution
		HideSolutionNode = FALSE
	EndGlobalSection
	GlobalSection(ExtensibilityGlobals) = postSolution
		SolutionGuid = {E783EB3D-2FA0-4888-99C7-4DA7D1F60B6F}
	EndGlobalSection
EndGlobal
